
Microsoft Visual Studio Solution File, Format Version 12.00
# Visual Studio Version 17
VisualStudioVersion = 17.10.34928.147
MinimumVisualStudioVersion = 10.0.40219.1
Project("{FAE04EC0-301F-11D3-BF4B-00C04F79EFBC}") = "UmBootstrap-V14-01", "UmBootstrap-V14-01\UmBootstrap-V14-01.csproj", "{4BF5E279-A047-4232-AC23-DEEA8EB45153}"
EndProject
Global
	GlobalSection(SolutionConfigurationPlatforms) = preSolution
		Debug|Any CPU = Debug|Any CPU
		Release|Any CPU = Release|Any CPU
	EndGlobalSection
	GlobalSection(ProjectConfigurationPlatforms) = postSolution
		{4BF5E279-A047-4232-AC23-DEEA8EB45153}.Debug|Any CPU.ActiveCfg = Debug|Any CPU
		{4BF5E279-A047-4232-AC23-DEEA8EB45153}.Debug|Any CPU.Build.0 = Debug|Any CPU
		{4BF5E279-A047-4232-AC23-DEEA8EB45153}.Release|Any CPU.ActiveCfg = Release|Any CPU
		{4BF5E279-A047-4232-AC23-DEEA8EB45153}.Release|Any CPU.Build.0 = Release|Any CPU
	EndGlobalSection
	GlobalSection(SolutionProperties) = preSolution
		HideSolutionNode = FALSE
	EndGlobalSection
	GlobalSection(ExtensibilityGlobals) = postSolution
		SolutionGuid = {59DCFB53-D9F7-4C92-8C0C-EC479F640688}
	EndGlobalSection
EndGlobal
